{
  "name": "test",
  "version": "1.0.0",
  "lockfileVersion": 2,
  "requires": true,
  "packages": {
    "": {
      "name": "test",
      "version": "1.0.0",
      "license": "ISC",
      "dependencies": {
        "hello-happy-world-package": "^1.0.2"
      }
    },
    "node_modules/hello-happy-world-package": {
      "version": "1.0.2",
      "resolved": "http://localhost:4873/hello-happy-world-package/-/hello-happy-world-package-1.0.2.tgz",
      "integrity": "sha512-/tz2YwPfmfqc1cj+JIsh/FOdKaUoknaLqsA284CABhySXowE+IygInmG0t4QouzV55KCA1k/5Qa/QXvn56WNcQ==",
      "license": "ISC"
    }
  },
  "dependencies": {
    "hello-happy-world-package": {
      "version": "1.0.2",
      "resolved": "http://localhost:4873/hello-happy-world-package/-/hello-happy-world-package-1.0.2.tgz",
      "integrity": "sha512-/tz2YwPfmfqc1cj+JIsh/FOdKaUoknaLqsA284CABhySXowE+IygInmG0t4QouzV55KCA1k/5Qa/QXvn56WNcQ=="
    }
  }
}
